
Microsoft Visual Studio Solution File, Format Version 12.00
# Visual Studio 15
VisualStudioVersion = 15.0.28307.539
MinimumVisualStudioVersion = 10.0.40219.1
Project("{888888A0-9F3D-457C-B088-3A5042F75D52}") = "PROB_BLAST", "PROB_BLAST\PROB_BLAST.pyproj", "{001A5226-AB4F-4B33-B551-0BA40337C6BA}"
EndProject
Global
	GlobalSection(SolutionConfigurationPlatforms) = preSolution
		Debug|Any CPU = Debug|Any CPU
		Release|Any CPU = Release|Any CPU
	EndGlobalSection
	GlobalSection(ProjectConfigurationPlatforms) = postSolution
		{001A5226-AB4F-4B33-B551-0BA40337C6BA}.Debug|Any CPU.ActiveCfg = Debug|Any CPU
		{001A5226-AB4F-4B33-B551-0BA40337C6BA}.Release|Any CPU.ActiveCfg = Release|Any CPU
	EndGlobalSection
	GlobalSection(SolutionProperties) = preSolution
		HideSolutionNode = FALSE
	EndGlobalSection
	GlobalSection(ExtensibilityGlobals) = postSolution
		SolutionGuid = {39EE57ED-1DBC-41BC-A90E-04C9702408CB}
	EndGlobalSection
EndGlobal
